
Microsoft Visual Studio Solution File, Format Version 12.00
# Visual Studio Version 16
VisualStudioVersion = 16.0.29209.152
MinimumVisualStudioVersion = 10.0.40219.1
Project("{FAE04EC0-301F-11D3-BF4B-00C04F79EFBC}") = "GenerateGlTF", "GenerateGlTF\GenerateGlTF.csproj", "{5D5F1D2F-85CC-4FBB-A45A-B07E9DEAE6BC}"
EndProject
Project("{2150E333-8FDC-42A3-9474-1A3956D46DE8}") = "doc", "doc", "{BE56BF06-B25E-4C19-97E9-E5D70D044FDE}"
	ProjectSection(SolutionItems) = preProject
		..\..\README.md = ..\..\README.md
	EndProjectSection
EndProject
Global
	GlobalSection(SolutionConfigurationPlatforms) = preSolution
		Debug|Any CPU = Debug|Any CPU
		Release|Any CPU = Release|Any CPU
	EndGlobalSection
	GlobalSection(ProjectConfigurationPlatforms) = postSolution
		{5D5F1D2F-85CC-4FBB-A45A-B07E9DEAE6BC}.Debug|Any CPU.ActiveCfg = Debug|Any CPU
		{5D5F1D2F-85CC-4FBB-A45A-B07E9DEAE6BC}.Debug|Any CPU.Build.0 = Debug|Any CPU
		{5D5F1D2F-85CC-4FBB-A45A-B07E9DEAE6BC}.Release|Any CPU.ActiveCfg = Release|Any CPU
		{5D5F1D2F-85CC-4FBB-A45A-B07E9DEAE6BC}.Release|Any CPU.Build.0 = Release|Any CPU
	EndGlobalSection
	GlobalSection(SolutionProperties) = preSolution
		HideSolutionNode = FALSE
	EndGlobalSection
	GlobalSection(ExtensibilityGlobals) = postSolution
		SolutionGuid = {18BE12FD-6618-45D9-8E71-E127908EAABF}
	EndGlobalSection
EndGlobal
